github.com/faroedev/faroe v0.5.1 h1:5LCwQp8giKnhtMV7TSVzzsCY+I7bTJviSIwQI9e3O2A=
github.com/faroedev/faroe v0.5.1/go.mod h1:qZy0yQWnZ7xykfgkoZ9HscF7u7qjhhQ3APNSr9IJCxw=
github.com/faroedev/go-json v0.1.1 h1:PfYNgKpxELrtC66UFj0P1zaoV4wK9AejD1UyBcEHcP4=
github.com/faroedev/go-json v0.1.1/go.mod h1:xDXcDdefPzXVQCk9Zx+MecgvYCSkmLm6LxiXsn7vA+c=
github.com/mattn/go-sqlite3 v1.14.34 h1:3NtcvcUnFBPsuRcno8pUtupspG/GM+9nZ88zgJcp6Zk=
github.com/mattn/go-sqlite3 v1.14.34/go.mod h1:Uh1q+B4BYcTPb+yiD3kU8Ct7aC0hY9fxUwlHK0RXw+Y=
golang.org/x/crypto v0.48.0 h1:/VRzVqiRSggnhY7gNRxPauEQ5Drw9haKdM0jqfcCFts=
golang.org/x/crypto v0.48.0/go.mod h1:r0kV5h3qnFPlQnBSrULhlsRfryS2pmewsg+XfMgkVos=
golang.org/x/sync v0.19.0 h1:vV+1eWNmZ5geRlYjzm2adRgW2/mcpevXNg50YZtPCE4=
golang.org/x/sync v0.19.0/go.mod h1:9KTHXmSnoGruLpwFjVSX0lNNA75CykiMECbovNTZqGI=
golang.org/x/sys v0.41.0 h1:Ivj+2Cp/ylzLiEU89QhWblYnOE9zerudt9Ftecq2C6k=
golang.org/x/sys v0.41.0/go.mod h1:OgkHotnGiDImocRcuBABYBEXf8A9a87e/uXjp9XT3ks=
