version = 1
revision = 3
requires-python = ">=3.14"

[options]
exclude-newer = "2026-04-01T20:07:47.826148432Z"
exclude-newer-span = "P3D"

[[package]]
name = "colorama"
version = "0.4.6"
source = { registry = "https://pypi.org/simple" }
sdist = { url = "https://files.pythonhosted.org/packages/d8/53/6f443c9a4a8358a93a6792e2acffb9d9d5cb0a5cfd8802644b7b1c9a02e4/colorama-0.4.6.tar.gz", hash = "sha256:08695f5cb7ed6e0531a20572697297273c47b8cae5a63ffc6d6ed5c201be6e44", size = 27697, upload-time = "2022-10-25T02:36:22.414Z" }
wheels = [
    { url = "https://files.pythonhosted.org/packages/d1/d6/3965ed04c63042e047cb6a3e6ed1a63a35087b6a609aa3a15ed8ac56c221/colorama-0.4.6-py2.py3-none-any.whl", hash = "sha256:4f1d9991f5acc0ca119f9d443620b77f9d6b33703e51011c16baf57afb285fc6", size = 25335, upload-time = "2022-10-25T02:36:20.889Z" },
]

[[package]]
name = "greenlet"
version = "3.3.1"
source = { registry = "https://pypi.org/simple" }
sdist = { url = "https://files.pythonhosted.org/packages/8a/99/1cd3411c56a410994669062bd73dd58270c00cc074cac15f385a1fd91f8a/greenlet-3.3.1.tar.gz", hash = "sha256:41848f3230b58c08bb43dee542e74a2a2e34d3c59dc3076cec9151aeeedcae98", size = 184690, upload-time = "2026-01-23T15:31:02.076Z" }
wheels = [
    { url = "https://files.pythonhosted.org/packages/ae/fb/011c7c717213182caf78084a9bea51c8590b0afda98001f69d9f853a495b/greenlet-3.3.1-cp314-cp314-macosx_11_0_universal2.whl", hash = "sha256:bd59acd8529b372775cd0fcbc5f420ae20681c5b045ce25bd453ed8455ab99b5", size = 275737, upload-time = "2026-01-23T15:32:16.889Z" },
    { url = "https://files.pythonhosted.org/packages/41/2e/a3a417d620363fdbb08a48b1dd582956a46a61bf8fd27ee8164f9dfe87c2/greenlet-3.3.1-cp314-cp314-manylinux_2_24_aarch64.manylinux_2_28_aarch64.whl", hash = "sha256:b31c05dd84ef6871dd47120386aed35323c944d86c3d91a17c4b8d23df62f15b", size = 646422, upload-time = "2026-01-23T16:01:00.354Z" },
    { url = "https://files.pythonhosted.org/packages/b4/09/c6c4a0db47defafd2d6bab8ddfe47ad19963b4e30f5bed84d75328059f8c/greenlet-3.3.1-cp314-cp314-manylinux_2_24_ppc64le.manylinux_2_28_ppc64le.whl", hash = "sha256:02925a0bfffc41e542c70aa14c7eda3593e4d7e274bfcccca1827e6c0875902e", size = 658219, upload-time = "2026-01-23T16:05:30.956Z" },
    { url = "https://files.pythonhosted.org/packages/80/38/9d42d60dffb04b45f03dbab9430898352dba277758640751dc5cc316c521/greenlet-3.3.1-cp314-cp314-manylinux_2_24_x86_64.manylinux_2_28_x86_64.whl", hash = "sha256:34a729e2e4e4ffe9ae2408d5ecaf12f944853f40ad724929b7585bca808a9d6f", size = 660237, upload-time = "2026-01-23T15:32:53.967Z" },
    { url = "https://files.pythonhosted.org/packages/96/61/373c30b7197f9e756e4c81ae90a8d55dc3598c17673f91f4d31c3c689c3f/greenlet-3.3.1-cp314-cp314-musllinux_1_2_aarch64.whl", hash = "sha256:aec9ab04e82918e623415947921dea15851b152b822661cce3f8e4393c3df683", size = 1615261, upload-time = "2026-01-23T16:04:25.066Z" },
    { url = "https://files.pythonhosted.org/packages/fd/d3/ca534310343f5945316f9451e953dcd89b36fe7a19de652a1dc5a0eeef3f/greenlet-3.3.1-cp314-cp314-musllinux_1_2_x86_64.whl", hash = "sha256:71c767cf281a80d02b6c1bdc41c9468e1f5a494fb11bc8688c360524e273d7b1", size = 1683719, upload-time = "2026-01-23T15:33:50.61Z" },
    { url = "https://files.pythonhosted.org/packages/52/cb/c21a3fd5d2c9c8b622e7bede6d6d00e00551a5ee474ea6d831b5f567a8b4/greenlet-3.3.1-cp314-cp314-win_amd64.whl", hash = "sha256:96aff77af063b607f2489473484e39a0bbae730f2ea90c9e5606c9b73c44174a", size = 228125, upload-time = "2026-01-23T15:32:45.265Z" },
    { url = "https://files.pythonhosted.org/packages/6a/8e/8a2db6d11491837af1de64b8aff23707c6e85241be13c60ed399a72e2ef8/greenlet-3.3.1-cp314-cp314-win_arm64.whl", hash = "sha256:b066e8b50e28b503f604fa538adc764a638b38cf8e81e025011d26e8a627fa79", size = 227519, upload-time = "2026-01-23T15:31:47.284Z" },
    { url = "https://files.pythonhosted.org/packages/28/24/cbbec49bacdcc9ec652a81d3efef7b59f326697e7edf6ed775a5e08e54c2/greenlet-3.3.1-cp314-cp314t-macosx_11_0_universal2.whl", hash = "sha256:3e63252943c921b90abb035ebe9de832c436401d9c45f262d80e2d06cc659242", size = 282706, upload-time = "2026-01-23T15:33:05.525Z" },
    { url = "https://files.pythonhosted.org/packages/86/2e/4f2b9323c144c4fe8842a4e0d92121465485c3c2c5b9e9b30a52e80f523f/greenlet-3.3.1-cp314-cp314t-manylinux_2_24_aarch64.manylinux_2_28_aarch64.whl", hash = "sha256:76e39058e68eb125de10c92524573924e827927df5d3891fbc97bd55764a8774", size = 651209, upload-time = "2026-01-23T16:01:01.517Z" },
    { url = "https://files.pythonhosted.org/packages/d9/87/50ca60e515f5bb55a2fbc5f0c9b5b156de7d2fc51a0a69abc9d23914a237/greenlet-3.3.1-cp314-cp314t-manylinux_2_24_ppc64le.manylinux_2_28_ppc64le.whl", hash = "sha256:c9f9d5e7a9310b7a2f416dd13d2e3fd8b42d803968ea580b7c0f322ccb389b97", size = 654300, upload-time = "2026-01-23T16:05:32.199Z" },
    { url = "https://files.pythonhosted.org/packages/1d/94/74310866dfa2b73dd08659a3d18762f83985ad3281901ba0ee9a815194fb/greenlet-3.3.1-cp314-cp314t-manylinux_2_24_x86_64.manylinux_2_28_x86_64.whl", hash = "sha256:92497c78adf3ac703b57f1e3813c2d874f27f71a178f9ea5887855da413cd6d2", size = 653842, upload-time = "2026-01-23T15:32:55.671Z" },
    { url = "https://files.pythonhosted.org/packages/97/43/8bf0ffa3d498eeee4c58c212a3905dd6146c01c8dc0b0a046481ca29b18c/greenlet-3.3.1-cp314-cp314t-musllinux_1_2_aarch64.whl", hash = "sha256:ed6b402bc74d6557a705e197d47f9063733091ed6357b3de33619d8a8d93ac53", size = 1614917, upload-time = "2026-01-23T16:04:26.276Z" },
    { url = "https://files.pythonhosted.org/packages/89/90/a3be7a5f378fc6e84abe4dcfb2ba32b07786861172e502388b4c90000d1b/greenlet-3.3.1-cp314-cp314t-musllinux_1_2_x86_64.whl", hash = "sha256:59913f1e5ada20fde795ba906916aea25d442abcc0593fba7e26c92b7ad76249", size = 1676092, upload-time = "2026-01-23T15:33:52.176Z" },
    { url = "https://files.pythonhosted.org/packages/e1/2b/98c7f93e6db9977aaee07eb1e51ca63bd5f779b900d362791d3252e60558/greenlet-3.3.1-cp314-cp314t-win_amd64.whl", hash = "sha256:301860987846c24cb8964bdec0e31a96ad4a2a801b41b4ef40963c1b44f33451", size = 233181, upload-time = "2026-01-23T15:33:00.29Z" },
]

[[package]]
name = "iniconfig"
version = "2.3.0"
source = { registry = "https://pypi.org/simple" }
sdist = { url = "https://files.pythonhosted.org/packages/72/34/14ca021ce8e5dfedc35312d08ba8bf51fdd999c576889fc2c24cb97f4f10/iniconfig-2.3.0.tar.gz", hash = "sha256:c76315c77db068650d49c5b56314774a7804df16fee4402c1f19d6d15d8c4730", size = 20503, upload-time = "2025-10-18T21:55:43.219Z" }
wheels = [
    { url = "https://files.pythonhosted.org/packages/cb/b1/3846dd7f199d53cb17f49cba7e651e9ce294d8497c8c150530ed11865bb8/iniconfig-2.3.0-py3-none-any.whl", hash = "sha256:f631c04d2c48c52b84d0d0549c99ff3859c98df65b3101406327ecc7d53fbf12", size = 7484, upload-time = "2025-10-18T21:55:41.639Z" },
]

[[package]]
name = "packaging"
version = "26.0"
source = { registry = "https://pypi.org/simple" }
sdist = { url = "https://files.pythonhosted.org/packages/65/ee/299d360cdc32edc7d2cf530f3accf79c4fca01e96ffc950d8a52213bd8e4/packaging-26.0.tar.gz", hash = "sha256:00243ae351a257117b6a241061796684b084ed1c516a08c48a3f7e147a9d80b4", size = 143416, upload-time = "2026-01-21T20:50:39.064Z" }
wheels = [
    { url = "https://files.pythonhosted.org/packages/b7/b9/c538f279a4e237a006a2c98387d081e9eb060d203d8ed34467cc0f0b9b53/packaging-26.0-py3-none-any.whl", hash = "sha256:b36f1fef9334a5588b4166f8bcd26a14e521f2b55e6b9de3aaa80d3ff7a37529", size = 74366, upload-time = "2026-01-21T20:50:37.788Z" },
]

[[package]]
name = "pluggy"
version = "1.6.0"
source = { registry = "https://pypi.org/simple" }
sdist = { url = "https://files.pythonhosted.org/packages/f9/e2/3e91f31a7d2b083fe6ef3fa267035b518369d9511ffab804f839851d2779/pluggy-1.6.0.tar.gz", hash = "sha256:7dcc130b76258d33b90f61b658791dede3486c3e6bfb003ee5c9bfb396dd22f3", size = 69412, upload-time = "2025-05-15T12:30:07.975Z" }
wheels = [
    { url = "https://files.pythonhosted.org/packages/54/20/4d324d65cc6d9205fabedc306948156824eb9f0ee1633355a8f7ec5c66bf/pluggy-1.6.0-py3-none-any.whl", hash = "sha256:e920276dd6813095e9377c0bc5566d94c932c33b27a3e3945d8389c374dd4746", size = 20538, upload-time = "2025-05-15T12:30:06.134Z" },
]

[[package]]
name = "pygments"
version = "2.19.2"
source = { registry = "https://pypi.org/simple" }
sdist = { url = "https://files.pythonhosted.org/packages/b0/77/a5b8c569bf593b0140bde72ea885a803b82086995367bf2037de0159d924/pygments-2.19.2.tar.gz", hash = "sha256:636cb2477cec7f8952536970bc533bc43743542f70392ae026374600add5b887", size = 4968631, upload-time = "2025-06-21T13:39:12.283Z" }
wheels = [
    { url = "https://files.pythonhosted.org/packages/c7/21/705964c7812476f378728bdf590ca4b771ec72385c533964653c68e86bdc/pygments-2.19.2-py3-none-any.whl", hash = "sha256:86540386c03d588bb81d44bc3928634ff26449851e99741617ecb9037ee5ec0b", size = 1225217, upload-time = "2025-06-21T13:39:07.939Z" },
]

[[package]]
name = "pytest"
version = "9.0.2"
source = { registry = "https://pypi.org/simple" }
dependencies = [
    { name = "colorama", marker = "sys_platform == 'win32'" },
    { name = "iniconfig" },
    { name = "packaging" },
    { name = "pluggy" },
    { name = "pygments" },
]
sdist = { url = "https://files.pythonhosted.org/packages/d1/db/7ef3487e0fb0049ddb5ce41d3a49c235bf9ad299b6a25d5780a89f19230f/pytest-9.0.2.tar.gz", hash = "sha256:75186651a92bd89611d1d9fc20f0b4345fd827c41ccd5c299a868a05d70edf11", size = 1568901, upload-time = "2025-12-06T21:30:51.014Z" }
wheels = [
    { url = "https://files.pythonhosted.org/packages/3b/ab/b3226f0bd7cdcf710fbede2b3548584366da3b19b5021e74f5bde2a8fa3f/pytest-9.0.2-py3-none-any.whl", hash = "sha256:711ffd45bf766d5264d487b917733b453d917afd2b0ad65223959f59089f875b", size = 374801, upload-time = "2025-12-06T21:30:49.154Z" },
]

[[package]]
name = "ruff"
version = "0.15.1"
source = { registry = "https://pypi.org/simple" }
sdist = { url = "https://files.pythonhosted.org/packages/04/dc/4e6ac71b511b141cf626357a3946679abeba4cf67bc7cc5a17920f31e10d/ruff-0.15.1.tar.gz", hash = "sha256:c590fe13fb57c97141ae975c03a1aedb3d3156030cabd740d6ff0b0d601e203f", size = 4540855, upload-time = "2026-02-12T23:09:09.998Z" }
wheels = [
    { url = "https://files.pythonhosted.org/packages/23/bf/e6e4324238c17f9d9120a9d60aa99a7daaa21204c07fcd84e2ef03bb5fd1/ruff-0.15.1-py3-none-linux_armv6l.whl", hash = "sha256:b101ed7cf4615bda6ffe65bdb59f964e9f4a0d3f85cbf0e54f0ab76d7b90228a", size = 10367819, upload-time = "2026-02-12T23:09:03.598Z" },
    { url = "https://files.pythonhosted.org/packages/b3/ea/c8f89d32e7912269d38c58f3649e453ac32c528f93bb7f4219258be2e7ed/ruff-0.15.1-py3-none-macosx_10_12_x86_64.whl", hash = "sha256:939c995e9277e63ea632cc8d3fae17aa758526f49a9a850d2e7e758bfef46602", size = 10798618, upload-time = "2026-02-12T23:09:22.928Z" },
    { url = "https://files.pythonhosted.org/packages/5e/0f/1d0d88bc862624247d82c20c10d4c0f6bb2f346559d8af281674cf327f15/ruff-0.15.1-py3-none-macosx_11_0_arm64.whl", hash = "sha256:1d83466455fdefe60b8d9c8df81d3c1bbb2115cede53549d3b522ce2bc703899", size = 10148518, upload-time = "2026-02-12T23:08:58.339Z" },
    { url = "https://files.pythonhosted.org/packages/f5/c8/291c49cefaa4a9248e986256df2ade7add79388fe179e0691be06fae6f37/ruff-0.15.1-py3-none-manylinux_2_17_aarch64.manylinux2014_aarch64.whl", hash = "sha256:a9457e3c3291024866222b96108ab2d8265b477e5b1534c7ddb1810904858d16", size = 10518811, upload-time = "2026-02-12T23:09:31.865Z" },
    { url = "https://files.pythonhosted.org/packages/c3/1a/f5707440e5ae43ffa5365cac8bbb91e9665f4a883f560893829cf16a606b/ruff-0.15.1-py3-none-manylinux_2_17_armv7l.manylinux2014_armv7l.whl", hash = "sha256:92c92b003e9d4f7fbd33b1867bb15a1b785b1735069108dfc23821ba045b29bc", size = 10196169, upload-time = "2026-02-12T23:09:17.306Z" },
    { url = "https://files.pythonhosted.org/packages/2a/ff/26ddc8c4da04c8fd3ee65a89c9fb99eaa5c30394269d424461467be2271f/ruff-0.15.1-py3-none-manylinux_2_17_i686.manylinux2014_i686.whl", hash = "sha256:1fe5c41ab43e3a06778844c586251eb5a510f67125427625f9eb2b9526535779", size = 10990491, upload-time = "2026-02-12T23:09:25.503Z" },
    { url = "https://files.pythonhosted.org/packages/fc/00/50920cb385b89413f7cdb4bb9bc8fc59c1b0f30028d8bccc294189a54955/ruff-0.15.1-py3-none-manylinux_2_17_ppc64le.manylinux2014_ppc64le.whl", hash = "sha256:66a6dd6df4d80dc382c6484f8ce1bcceb55c32e9f27a8b94c32f6c7331bf14fb", size = 11843280, upload-time = "2026-02-12T23:09:19.88Z" },
    { url = "https://files.pythonhosted.org/packages/5d/6d/2f5cad8380caf5632a15460c323ae326f1e1a2b5b90a6ee7519017a017ca/ruff-0.15.1-py3-none-manylinux_2_17_s390x.manylinux2014_s390x.whl", hash = "sha256:6a4a42cbb8af0bda9bcd7606b064d7c0bc311a88d141d02f78920be6acb5aa83", size = 11274336, upload-time = "2026-02-12T23:09:14.907Z" },
    { url = "https://files.pythonhosted.org/packages/a3/1d/5f56cae1d6c40b8a318513599b35ea4b075d7dc1cd1d04449578c29d1d75/ruff-0.15.1-py3-none-manylinux_2_17_x86_64.manylinux2014_x86_64.whl", hash = "sha256:4ab064052c31dddada35079901592dfba2e05f5b1e43af3954aafcbc1096a5b2", size = 11137288, upload-time = "2026-02-12T23:09:07.475Z" },
    { url = "https://files.pythonhosted.org/packages/cd/20/6f8d7d8f768c93b0382b33b9306b3b999918816da46537d5a61635514635/ruff-0.15.1-py3-none-manylinux_2_31_riscv64.whl", hash = "sha256:5631c940fe9fe91f817a4c2ea4e81f47bee3ca4aa646134a24374f3c19ad9454", size = 11070681, upload-time = "2026-02-12T23:08:55.43Z" },
    { url = "https://files.pythonhosted.org/packages/9a/67/d640ac76069f64cdea59dba02af2e00b1fa30e2103c7f8d049c0cff4cafd/ruff-0.15.1-py3-none-musllinux_1_2_aarch64.whl", hash = "sha256:68138a4ba184b4691ccdc39f7795c66b3c68160c586519e7e8444cf5a53e1b4c", size = 10486401, upload-time = "2026-02-12T23:09:27.927Z" },
    { url = "https://files.pythonhosted.org/packages/65/3d/e1429f64a3ff89297497916b88c32a5cc88eeca7e9c787072d0e7f1d3e1e/ruff-0.15.1-py3-none-musllinux_1_2_armv7l.whl", hash = "sha256:518f9af03bfc33c03bdb4cb63fabc935341bb7f54af500f92ac309ecfbba6330", size = 10197452, upload-time = "2026-02-12T23:09:12.147Z" },
    { url = "https://files.pythonhosted.org/packages/78/83/e2c3bade17dad63bf1e1c2ffaf11490603b760be149e1419b07049b36ef2/ruff-0.15.1-py3-none-musllinux_1_2_i686.whl", hash = "sha256:da79f4d6a826caaea95de0237a67e33b81e6ec2e25fc7e1993a4015dffca7c61", size = 10693900, upload-time = "2026-02-12T23:09:34.418Z" },
    { url = "https://files.pythonhosted.org/packages/a1/27/fdc0e11a813e6338e0706e8b39bb7a1d61ea5b36873b351acee7e524a72a/ruff-0.15.1-py3-none-musllinux_1_2_x86_64.whl", hash = "sha256:3dd86dccb83cd7d4dcfac303ffc277e6048600dfc22e38158afa208e8bf94a1f", size = 11227302, upload-time = "2026-02-12T23:09:36.536Z" },
    { url = "https://files.pythonhosted.org/packages/f6/58/ac864a75067dcbd3b95be5ab4eb2b601d7fbc3d3d736a27e391a4f92a5c1/ruff-0.15.1-py3-none-win32.whl", hash = "sha256:660975d9cb49b5d5278b12b03bb9951d554543a90b74ed5d366b20e2c57c2098", size = 10462555, upload-time = "2026-02-12T23:09:29.899Z" },
    { url = "https://files.pythonhosted.org/packages/e0/5e/d4ccc8a27ecdb78116feac4935dfc39d1304536f4296168f91ed3ec00cd2/ruff-0.15.1-py3-none-win_amd64.whl", hash = "sha256:c820fef9dd5d4172a6570e5721704a96c6679b80cf7be41659ed439653f62336", size = 11599956, upload-time = "2026-02-12T23:09:01.157Z" },
    { url = "https://files.pythonhosted.org/packages/2a/07/5bda6a85b220c64c65686bc85bd0bbb23b29c62b3a9f9433fa55f17cda93/ruff-0.15.1-py3-none-win_arm64.whl", hash = "sha256:5ff7d5f0f88567850f45081fac8f4ec212be8d0b963e385c3f7d0d2eb4899416", size = 10874604, upload-time = "2026-02-12T23:09:05.515Z" },
]

[[package]]
name = "sqlalchemy"
version = "2.0.46"
source = { registry = "https://pypi.org/simple" }
dependencies = [
    { name = "greenlet", marker = "platform_machine == 'AMD64' or platform_machine == 'WIN32' or platform_machine == 'aarch64' or platform_machine == 'amd64' or platform_machine == 'ppc64le' or platform_machine == 'win32' or platform_machine == 'x86_64'" },
    { name = "typing-extensions" },
]
sdist = { url = "https://files.pythonhosted.org/packages/06/aa/9ce0f3e7a9829ead5c8ce549392f33a12c4555a6c0609bb27d882e9c7ddf/sqlalchemy-2.0.46.tar.gz", hash = "sha256:cf36851ee7219c170bb0793dbc3da3e80c582e04a5437bc601bfe8c85c9216d7", size = 9865393, upload-time = "2026-01-21T18:03:45.119Z" }
wheels = [
    { url = "https://files.pythonhosted.org/packages/e9/f8/5ecdfc73383ec496de038ed1614de9e740a82db9ad67e6e4514ebc0708a3/sqlalchemy-2.0.46-cp314-cp314-macosx_11_0_arm64.whl", hash = "sha256:56bdd261bfd0895452006d5316cbf35739c53b9bb71a170a331fa0ea560b2ada", size = 2152079, upload-time = "2026-01-21T19:05:58.477Z" },
    { url = "https://files.pythonhosted.org/packages/e5/bf/eba3036be7663ce4d9c050bc3d63794dc29fbe01691f2bf5ccb64e048d20/sqlalchemy-2.0.46-cp314-cp314-manylinux2014_aarch64.manylinux_2_17_aarch64.manylinux_2_28_aarch64.whl", hash = "sha256:33e462154edb9493f6c3ad2125931e273bbd0be8ae53f3ecd1c161ea9a1dd366", size = 3272216, upload-time = "2026-01-21T18:46:52.634Z" },
    { url = "https://files.pythonhosted.org/packages/05/45/1256fb597bb83b58a01ddb600c59fe6fdf0e5afe333f0456ed75c0f8d7bd/sqlalchemy-2.0.46-cp314-cp314-manylinux2014_x86_64.manylinux_2_17_x86_64.manylinux_2_28_x86_64.whl", hash = "sha256:9bcdce05f056622a632f1d44bb47dbdb677f58cad393612280406ce37530eb6d", size = 3277208, upload-time = "2026-01-21T18:40:16.38Z" },
    { url = "https://files.pythonhosted.org/packages/d9/a0/2053b39e4e63b5d7ceb3372cface0859a067c1ddbd575ea7e9985716f771/sqlalchemy-2.0.46-cp314-cp314-musllinux_1_2_aarch64.whl", hash = "sha256:8e84b09a9b0f19accedcbeff5c2caf36e0dd537341a33aad8d680336152dc34e", size = 3221994, upload-time = "2026-01-21T18:46:54.622Z" },
    { url = "https://files.pythonhosted.org/packages/1e/87/97713497d9502553c68f105a1cb62786ba1ee91dea3852ae4067ed956a50/sqlalchemy-2.0.46-cp314-cp314-musllinux_1_2_x86_64.whl", hash = "sha256:4f52f7291a92381e9b4de9050b0a65ce5d6a763333406861e33906b8aa4906bf", size = 3243990, upload-time = "2026-01-21T18:40:18.253Z" },
    { url = "https://files.pythonhosted.org/packages/a8/87/5d1b23548f420ff823c236f8bea36b1a997250fd2f892e44a3838ca424f4/sqlalchemy-2.0.46-cp314-cp314-win32.whl", hash = "sha256:70ed2830b169a9960193f4d4322d22be5c0925357d82cbf485b3369893350908", size = 2114215, upload-time = "2026-01-21T18:42:55.232Z" },
    { url = "https://files.pythonhosted.org/packages/3a/20/555f39cbcf0c10cf452988b6a93c2a12495035f68b3dbd1a408531049d31/sqlalchemy-2.0.46-cp314-cp314-win_amd64.whl", hash = "sha256:3c32e993bc57be6d177f7d5d31edb93f30726d798ad86ff9066d75d9bf2e0b6b", size = 2139867, upload-time = "2026-01-21T18:42:56.474Z" },
    { url = "https://files.pythonhosted.org/packages/3e/f0/f96c8057c982d9d8a7a68f45d69c674bc6f78cad401099692fe16521640a/sqlalchemy-2.0.46-cp314-cp314t-manylinux2014_aarch64.manylinux_2_17_aarch64.manylinux_2_28_aarch64.whl", hash = "sha256:4dafb537740eef640c4d6a7c254611dca2df87eaf6d14d6a5fca9d1f4c3fc0fa", size = 3561202, upload-time = "2026-01-21T18:33:10.337Z" },
    { url = "https://files.pythonhosted.org/packages/d7/53/3b37dda0a5b137f21ef608d8dfc77b08477bab0fe2ac9d3e0a66eaeab6fc/sqlalchemy-2.0.46-cp314-cp314t-manylinux2014_x86_64.manylinux_2_17_x86_64.manylinux_2_28_x86_64.whl", hash = "sha256:42a1643dc5427b69aca967dae540a90b0fbf57eaf248f13a90ea5930e0966863", size = 3526296, upload-time = "2026-01-21T18:45:12.657Z" },
    { url = "https://files.pythonhosted.org/packages/33/75/f28622ba6dde79cd545055ea7bd4062dc934e0621f7b3be2891f8563f8de/sqlalchemy-2.0.46-cp314-cp314t-musllinux_1_2_aarch64.whl", hash = "sha256:ff33c6e6ad006bbc0f34f5faf941cfc62c45841c64c0a058ac38c799f15b5ede", size = 3470008, upload-time = "2026-01-21T18:33:11.725Z" },
    { url = "https://files.pythonhosted.org/packages/a9/42/4afecbbc38d5e99b18acef446453c76eec6fbd03db0a457a12a056836e22/sqlalchemy-2.0.46-cp314-cp314t-musllinux_1_2_x86_64.whl", hash = "sha256:82ec52100ec1e6ec671563bbd02d7c7c8d0b9e71a0723c72f22ecf52d1755330", size = 3476137, upload-time = "2026-01-21T18:45:15.001Z" },
    { url = "https://files.pythonhosted.org/packages/fc/a1/9c4efa03300926601c19c18582531b45aededfb961ab3c3585f1e24f120b/sqlalchemy-2.0.46-py3-none-any.whl", hash = "sha256:f9c11766e7e7c0a2767dda5acb006a118640c9fc0a4104214b96269bfb78399e", size = 1937882, upload-time = "2026-01-21T18:22:10.456Z" },
]

[[package]]
name = "sync-reference-server"
version = "0.1.0"
source = { editable = "." }
dependencies = [
    { name = "sqlalchemy" },
    { name = "tiauth-faroe-client" },
    { name = "tiauth-faroe-user-server" },
]

[package.dev-dependencies]
dev = [
    { name = "pytest" },
    { name = "ruff" },
    { name = "ty" },
]

[package.metadata]
requires-dist = [
    { name = "sqlalchemy", specifier = ">=2.0.45" },
    { name = "tiauth-faroe-client", directory = "../client" },
    { name = "tiauth-faroe-user-server", directory = "../user-server" },
]

[package.metadata.requires-dev]
dev = [
    { name = "pytest", specifier = ">=9" },
    { name = "ruff", specifier = ">=0.15.0" },
    { name = "ty", specifier = ">=0.0.27" },
]

[[package]]
name = "tiauth-faroe-client"
version = "0.1.0"
source = { directory = "../client" }

[package.metadata]

[package.metadata.requires-dev]
dev = [
    { name = "pytest", specifier = ">=9" },
    { name = "requests", specifier = ">=2" },
    { name = "ruff", specifier = ">=0.15.0" },
    { name = "ty", specifier = ">=0.0.27" },
]

[[package]]
name = "tiauth-faroe-user-server"
version = "0.1.0"
source = { directory = "../user-server" }

[package.metadata]

[package.metadata.requires-dev]
dev = [
    { name = "pytest", specifier = ">=9" },
    { name = "ruff", specifier = ">=0.15.0" },
    { name = "ty", specifier = ">=0.0.27" },
]

[[package]]
name = "ty"
version = "0.0.27"
source = { registry = "https://pypi.org/simple" }
sdist = { url = "https://files.pythonhosted.org/packages/f4/de/e5cf1f151cf52fe1189e42d03d90909d7d1354fdc0c1847cbb63a0baa3da/ty-0.0.27.tar.gz", hash = "sha256:d7a8de3421d92420b40c94fe7e7d4816037560621903964dd035cf9bd0204a73", size = 5424130, upload-time = "2026-03-31T19:07:20.806Z" }
wheels = [
    { url = "https://files.pythonhosted.org/packages/fa/20/2a9ea661758bd67f2bfd54ce9daacb5a26c56c5f8b49fbd9a43b365a8a7d/ty-0.0.27-py3-none-linux_armv6l.whl", hash = "sha256:eb14456b8611c9e8287aa9b633f4d2a0d9f3082a31796969e0b50bdda8930281", size = 10571211, upload-time = "2026-03-31T19:07:23.28Z" },
    { url = "https://files.pythonhosted.org/packages/da/b2/8887a51f705d075ddbe78ae7f0d4755ef48d0a90235f67aee289e9cee950/ty-0.0.27-py3-none-macosx_10_12_x86_64.whl", hash = "sha256:02e662184703db7586118df611cf24a000d35dae38d950053d1dd7b6736fd2c4", size = 10427576, upload-time = "2026-03-31T19:07:15.499Z" },
    { url = "https://files.pythonhosted.org/packages/1d/c3/79d88163f508fb709ce19bc0b0a66c7c64b53d372d4caa56172c3d9b3ae8/ty-0.0.27-py3-none-macosx_11_0_arm64.whl", hash = "sha256:be5fc2899441f7f8f7ef40f9ffd006075a5ff6b06c44e8d2aa30e1b900c12f51", size = 9870359, upload-time = "2026-03-31T19:07:36.852Z" },
    { url = "https://files.pythonhosted.org/packages/dc/4d/ed1b0db0e1e46b5ed4976bbfe0d1825faf003b4e3774ef28c785ed73e4bb/ty-0.0.27-py3-none-manylinux_2_17_aarch64.manylinux2014_aarch64.whl", hash = "sha256:30231e652b14742a76b64755e54bf0cb1cd4c128bcaf625222e0ca92a2094887", size = 10380488, upload-time = "2026-03-31T19:07:31.268Z" },
    { url = "https://files.pythonhosted.org/packages/b1/f2/20372f6d510b01570028433064880adec2f8abe68bf0c4603be61a560bef/ty-0.0.27-py3-none-manylinux_2_17_armv7l.manylinux2014_armv7l.whl", hash = "sha256:5a119b1168f64261b3205a37e40b5b6c4aac8fd58e4587988f4e4b22c3c79847", size = 10390248, upload-time = "2026-03-31T19:07:28.345Z" },
    { url = "https://files.pythonhosted.org/packages/45/4b/46b31a7311306be1a560f7f20fdc37b5bf718787f60626cd265d9b637554/ty-0.0.27-py3-none-manylinux_2_17_i686.manylinux2014_i686.whl", hash = "sha256:e38f4e187b6975d2cbebf0f1eb1221f8f64f6e509bad14d7bb2a91afc97e4956", size = 10878479, upload-time = "2026-03-31T19:07:39.393Z" },
    { url = "https://files.pythonhosted.org/packages/42/ba/5231a2a1fb1cebe053a25de8fded95e1a30a1e77d3628a9e58487297bafc/ty-0.0.27-py3-none-manylinux_2_17_ppc64le.manylinux2014_ppc64le.whl", hash = "sha256:a07b1a8fbb23844f6d22091275430d9ac617175f34aa99159b268193de210389", size = 11461232, upload-time = "2026-03-31T19:07:02.518Z" },
    { url = "https://files.pythonhosted.org/packages/c3/37/558abab3e1f6670493524f61280b4dfcc3219555f13889223e733381dfab/ty-0.0.27-py3-none-manylinux_2_17_s390x.manylinux2014_s390x.whl", hash = "sha256:d3ec4033031f240836bb0337274bac5c49dde312c7c6d7575451ed719bf8ffa3", size = 11133002, upload-time = "2026-03-31T19:07:18.371Z" },
    { url = "https://files.pythonhosted.org/packages/32/38/188c14a57f52160407ce62c6abb556011718fd0bcbe1dca690529ce84c46/ty-0.0.27-py3-none-manylinux_2_17_x86_64.manylinux2014_x86_64.whl", hash = "sha256:924a8849afd500d260bf5b7296165a05b7424fbb6b19113f30f3b999d682873f", size = 10986624, upload-time = "2026-03-31T19:07:13.066Z" },
    { url = "https://files.pythonhosted.org/packages/9f/f1/667a71393f47d2cd6ba9ed07541b8df3eb63aab1f2ee658e77d91b8362fa/ty-0.0.27-py3-none-musllinux_1_2_aarch64.whl", hash = "sha256:d8270026c07e7423a1b3a3fd065b46ed1478748f0662518b523b57744f3fa025", size = 10366721, upload-time = "2026-03-31T19:07:00.131Z" },
    { url = "https://files.pythonhosted.org/packages/8b/aa/8edafe41be898bda774249abc5be6edd733e53fb1777d59ea9331e38537d/ty-0.0.27-py3-none-musllinux_1_2_armv7l.whl", hash = "sha256:e26e9735d3bdfd95d881111ad1cf570eab8188d8c3be36d6bcaad044d38984d8", size = 10412239, upload-time = "2026-03-31T19:07:05.297Z" },
    { url = "https://files.pythonhosted.org/packages/53/ff/8bafaed4a18d38264f46bdfc427de7ea2974cf9064e4e0bdb1b6e6c724e3/ty-0.0.27-py3-none-musllinux_1_2_i686.whl", hash = "sha256:7c09cc9a699810609acc0090af8d0db68adaee6e60a7c3e05ab80cc954a83db7", size = 10573507, upload-time = "2026-03-31T19:06:57.064Z" },
    { url = "https://files.pythonhosted.org/packages/16/2e/63a8284a2fefd08ab56ecbad0fde7dd4b2d4045a31cf24c1d1fcd9643227/ty-0.0.27-py3-none-musllinux_1_2_x86_64.whl", hash = "sha256:2d3e02853bb037221a456e034b1898aaa573e6374fbb53884e33cb7513ccb85a", size = 11090233, upload-time = "2026-03-31T19:07:34.139Z" },
    { url = "https://files.pythonhosted.org/packages/14/d3/d6fa1cafdfa2b34dbfa304fc6833af8e1669fc34e24d214fa76d2a2e5a25/ty-0.0.27-py3-none-win32.whl", hash = "sha256:34e7377f2047c14dbbb7bf5322e84114db7a5f2cb470db6bee63f8f3550cfc1e", size = 9984415, upload-time = "2026-03-31T19:07:07.98Z" },
    { url = "https://files.pythonhosted.org/packages/85/e6/dd4e27da9632b3472d5711ca49dbd3709dbd3e8c73f3af6db9c254235ca9/ty-0.0.27-py3-none-win_amd64.whl", hash = "sha256:3f7e4145aad8b815ed69b324c93b5b773eb864dda366ca16ab8693ff88ce6f36", size = 10961535, upload-time = "2026-03-31T19:07:10.566Z" },
    { url = "https://files.pythonhosted.org/packages/0e/1a/824b3496d66852ed7d5d68d9787711131552b68dce8835ce9410db32e618/ty-0.0.27-py3-none-win_arm64.whl", hash = "sha256:95bf8d01eb96bb2ba3ffc39faff19da595176448e80871a7b362f4d2de58476c", size = 10376689, upload-time = "2026-03-31T19:07:25.732Z" },
]

[[package]]
name = "typing-extensions"
version = "4.15.0"
source = { registry = "https://pypi.org/simple" }
sdist = { url = "https://files.pythonhosted.org/packages/72/94/1a15dd82efb362ac84269196e94cf00f187f7ed21c242792a923cdb1c61f/typing_extensions-4.15.0.tar.gz", hash = "sha256:0cea48d173cc12fa28ecabc3b837ea3cf6f38c6d1136f85cbaaf598984861466", size = 109391, upload-time = "2025-08-25T13:49:26.313Z" }
wheels = [
    { url = "https://files.pythonhosted.org/packages/18/67/36e9267722cc04a6b9f15c7f3441c2363321a3ea07da7ae0c0707beb2a9c/typing_extensions-4.15.0-py3-none-any.whl", hash = "sha256:f0fa19c6845758ab08074a0cfa8b7aecb71c999ca73d62883bc25cc018c4e548", size = 44614, upload-time = "2025-08-25T13:49:24.86Z" },
]
